// !$*UTF8*$!
{
	archiveVersion = 1;
	classes = {
	};
	objectVersion = 55;
	objects = {

/* Begin PBXBuildFile section */
		5C26357F2854004F003C68AD /* OnboardingScreenView.swift in Sources */ = {isa = PBXBuildFile; fileRef = 5C26357E2854004F003C68AD /* OnboardingScreenView.swift */; };
		5C263584285405C4003C68AD /* CustomButton.swift in Sources */ = {isa = PBXBuildFile; fileRef = 5C263583285405C4003C68AD /* CustomButton.swift */; };
		5C263586285408B8003C68AD /* CustomButton2.swift in Sources */ = {isa = PBXBuildFile; fileRef = 5C263585285408B8003C68AD /* CustomButton2.swift */; };
		5C263589285423AE003C68AD /* NavigationStack in Frameworks */ = {isa = PBXBuildFile; productRef = 5C263588285423AE003C68AD /* NavigationStack */; };
		5C26358C28553E86003C68AD /* SignIn.swift in Sources */ = {isa = PBXBuildFile; fileRef = 5C26358B28553E86003C68AD /* SignIn.swift */; };
		5C26358E28553F99003C68AD /* SignInButton.swift in Sources */ = {isa = PBXBuildFile; fileRef = 5C26358D28553F99003C68AD /* SignInButton.swift */; };
		5C263590285544C7003C68AD /* SignInGoogle.swift in Sources */ = {isa = PBXBuildFile; fileRef = 5C26358F285544C7003C68AD /* SignInGoogle.swift */; };
		5C26359228554525003C68AD /* SignInApple.swift in Sources */ = {isa = PBXBuildFile; fileRef = 5C26359128554525003C68AD /* SignInApple.swift */; };
		5C7BAA3528372C4E00BCE38F /* LoginView.swift in Sources */ = {isa = PBXBuildFile; fileRef = 5C7BAA3428372C4E00BCE38F /* LoginView.swift */; };
		5C8B9E742836B66B00B3757B /* LocationView.swift in Sources */ = {isa = PBXBuildFile; fileRef = 5C8B9E732836B66B00B3757B /* LocationView.swift */; };
		5C9A3D212836D64F00A3D428 /* Welcome.swift in Sources */ = {isa = PBXBuildFile; fileRef = 5C9A3D202836D64F00A3D428 /* Welcome.swift */; };
		5CD6E65D2836E22600C6E592 /* MapDirect.swift in Sources */ = {isa = PBXBuildFile; fileRef = 5CD6E65C2836E22600C6E592 /* MapDirect.swift */; };
		5CD6E65F2836F2CA00C6E592 /* BookPay.swift in Sources */ = {isa = PBXBuildFile; fileRef = 5CD6E65E2836F2CA00C6E592 /* BookPay.swift */; };
		5CD6E6612836F44100C6E592 /* ExtendTime.swift in Sources */ = {isa = PBXBuildFile; fileRef = 5CD6E6602836F44100C6E592 /* ExtendTime.swift */; };
		5CE49C3D2836B00E0033D5CD /* ParkInnApp.swift in Sources */ = {isa = PBXBuildFile; fileRef = 5CE49C3C2836B00E0033D5CD /* ParkInnApp.swift */; };
		5CE49C3F2836B00E0033D5CD /* ContentView.swift in Sources */ = {isa = PBXBuildFile; fileRef = 5CE49C3E2836B00E0033D5CD /* ContentView.swift */; };
		5CE49C412836B00F0033D5CD /* Assets.xcassets in Resources */ = {isa = PBXBuildFile; fileRef = 5CE49C402836B00F0033D5CD /* Assets.xcassets */; };
		5CE49C442836B00F0033D5CD /* Preview Assets.xcassets in Resources */ = {isa = PBXBuildFile; fileRef = 5CE49C432836B00F0033D5CD /* Preview Assets.xcassets */; };
		5CE49C4D2836B0430033D5CD /* LocationsDataService.swift in Sources */ = {isa = PBXBuildFile; fileRef = 5CE49C4C2836B0430033D5CD /* LocationsDataService.swift */; };
		5CE49C4F2836B04B0033D5CD /* Location.swift in Sources */ = {isa = PBXBuildFile; fileRef = 5CE49C4E2836B04B0033D5CD /* Location.swift */; };
/* End PBXBuildFile section */

/* Begin PBXFileReference section */
		5C26357E2854004F003C68AD /* OnboardingScreenView.swift */ = {isa = PBXFileReference; lastKnownFileType = sourcecode.swift; path = OnboardingScreenView.swift; sourceTree = "<group>"; };
		5C263583285405C4003C68AD /* CustomButton.swift */ = {isa = PBXFileReference; lastKnownFileType = sourcecode.swift; path = CustomButton.swift; sourceTree = "<group>"; };
		5C263585285408B8003C68AD /* CustomButton2.swift */ = {isa = PBXFileReference; lastKnownFileType = sourcecode.swift; path = CustomButton2.swift; sourceTree = "<group>"; };
		5C26358B28553E86003C68AD /* SignIn.swift */ = {isa = PBXFileReference; lastKnownFileType = sourcecode.swift; path = SignIn.swift; sourceTree = "<group>"; };
		5C26358D28553F99003C68AD /* SignInButton.swift */ = {isa = PBXFileReference; lastKnownFileType = sourcecode.swift; path = SignInButton.swift; sourceTree = "<group>"; };
		5C26358F285544C7003C68AD /* SignInGoogle.swift */ = {isa = PBXFileReference; lastKnownFileType = sourcecode.swift; path = SignInGoogle.swift; sourceTree = "<group>"; };
		5C26359128554525003C68AD /* SignInApple.swift */ = {isa = PBXFileReference; lastKnownFileType = sourcecode.swift; path = SignInApple.swift; sourceTree = "<group>"; };
		5C7BAA3428372C4E00BCE38F /* LoginView.swift */ = {isa = PBXFileReference; lastKnownFileType = sourcecode.swift; path = LoginView.swift; sourceTree = "<group>"; };
		5C8B9E732836B66B00B3757B /* LocationView.swift */ = {isa = PBXFileReference; lastKnownFileType = sourcecode.swift; path = LocationView.swift; sourceTree = "<group>"; };
		5C9A3D202836D64F00A3D428 /* Welcome.swift */ = {isa = PBXFileReference; lastKnownFileType = sourcecode.swift; path = Welcome.swift; sourceTree = "<group>"; };
		5CD6E65C2836E22600C6E592 /* MapDirect.swift */ = {isa = PBXFileReference; lastKnownFileType = sourcecode.swift; path = MapDirect.swift; sourceTree = "<group>"; };
		5CD6E65E2836F2CA00C6E592 /* BookPay.swift */ = {isa = PBXFileReference; lastKnownFileType = sourcecode.swift; path = BookPay.swift; sourceTree = "<group>"; };
		5CD6E6602836F44100C6E592 /* ExtendTime.swift */ = {isa = PBXFileReference; lastKnownFileType = sourcecode.swift; path = ExtendTime.swift; sourceTree = "<group>"; };
		5CE49C392836B00E0033D5CD /* ParkInn.app */ = {isa = PBXFileReference; explicitFileType = wrapper.application; includeInIndex = 0; path = ParkInn.app; sourceTree = BUILT_PRODUCTS_DIR; };
		5CE49C3C2836B00E0033D5CD /* ParkInnApp.swift */ = {isa = PBXFileReference; lastKnownFileType = sourcecode.swift; path = ParkInnApp.swift; sourceTree = "<group>"; };
		5CE49C3E2836B00E0033D5CD /* ContentView.swift */ = {isa = PBXFileReference; lastKnownFileType = sourcecode.swift; path = ContentView.swift; sourceTree = "<group>"; };
		5CE49C402836B00F0033D5CD /* Assets.xcassets */ = {isa = PBXFileReference; lastKnownFileType = folder.assetcatalog; path = Assets.xcassets; sourceTree = "<group>"; };
		5CE49C432836B00F0033D5CD /* Preview Assets.xcassets */ = {isa = PBXFileReference; lastKnownFileType = folder.assetcatalog; path = "Preview Assets.xcassets"; sourceTree = "<group>"; };
		5CE49C4C2836B0430033D5CD /* LocationsDataService.swift */ = {isa = PBXFileReference; fileEncoding = 4; lastKnownFileType = sourcecode.swift; path = LocationsDataService.swift; sourceTree = "<group>"; };
		5CE49C4E2836B04B0033D5CD /* Location.swift */ = {isa = PBXFileReference; fileEncoding = 4; lastKnownFileType = sourcecode.swift; path = Location.swift; sourceTree = "<group>"; };
/* End PBXFileReference section */

/* Begin PBXFrameworksBuildPhase section */
		5CE49C362836B00E0033D5CD /* Frameworks */ = {
			isa = PBXFrameworksBuildPhase;
			buildActionMask = 2147483647;
			files = (
				5C263589285423AE003C68AD /* NavigationStack in Frameworks */,
			);
			runOnlyForDeploymentPostprocessing = 0;
		};
/* End PBXFrameworksBuildPhase section */

/* Begin PBXGroup section */
		5C26357B2853FFFB003C68AD /* LaunchScreeen */ = {
			isa = PBXGroup;
			children = (
				5C9A3D202836D64F00A3D428 /* Welcome.swift */,
			);
			path = LaunchScreeen;
			sourceTree = "<group>";
		};
		5C263582285405AE003C68AD /* Objects */ = {
			isa = PBXGroup;
			children = (
				5C263583285405C4003C68AD /* CustomButton.swift */,
				5C263585285408B8003C68AD /* CustomButton2.swift */,
				5C26358D28553F99003C68AD /* SignInButton.swift */,
				5C26358F285544C7003C68AD /* SignInGoogle.swift */,
				5C26359128554525003C68AD /* SignInApple.swift */,
			);
			path = Objects;
			sourceTree = "<group>";
		};
		5C26358A28553E6C003C68AD /* SignInScreen */ = {
			isa = PBXGroup;
			children = (
				5C26358B28553E86003C68AD /* SignIn.swift */,
			);
			path = SignInScreen;
			sourceTree = "<group>";
		};
		5C7BAA3328372BA200BCE38F /* LetIn */ = {
			isa = PBXGroup;
			children = (
				5C7BAA3428372C4E00BCE38F /* LoginView.swift */,
			);
			path = LetIn;
			sourceTree = "<group>";
		};
		5C8B9E722836B64400B3757B /* Map */ = {
			isa = PBXGroup;
			children = (
				5C8B9E732836B66B00B3757B /* LocationView.swift */,
			);
			path = Map;
			sourceTree = "<group>";
		};
		5C8B9E752836BC5D00B3757B /* Views */ = {
			isa = PBXGroup;
			children = (
			);
			path = Views;
			sourceTree = "<group>";
		};
		5C8B9E762836D5FD00B3757B /* Onboarding */ = {
			isa = PBXGroup;
			children = (
				5CD6E65C2836E22600C6E592 /* MapDirect.swift */,
				5CD6E65E2836F2CA00C6E592 /* BookPay.swift */,
				5CD6E6602836F44100C6E592 /* ExtendTime.swift */,
				5C26357E2854004F003C68AD /* OnboardingScreenView.swift */,
			);
			path = Onboarding;
			sourceTree = "<group>";
		};
		5CE49C302836B00E0033D5CD = {
			isa = PBXGroup;
			children = (
				5CE49C3B2836B00E0033D5CD /* ParkInn */,
				5CE49C3A2836B00E0033D5CD /* Products */,
			);
			sourceTree = "<group>";
		};
		5CE49C3A2836B00E0033D5CD /* Products */ = {
			isa = PBXGroup;
			children = (
				5CE49C392836B00E0033D5CD /* ParkInn.app */,
			);
			name = Products;
			sourceTree = "<group>";
		};
		5CE49C3B2836B00E0033D5CD /* ParkInn */ = {
			isa = PBXGroup;
			children = (
				5C26358A28553E6C003C68AD /* SignInScreen */,
				5C263582285405AE003C68AD /* Objects */,
				5C26357B2853FFFB003C68AD /* LaunchScreeen */,
				5C8B9E762836D5FD00B3757B /* Onboarding */,
				5C7BAA3328372BA200BCE38F /* LetIn */,
				5C8B9E722836B64400B3757B /* Map */,
				5CE49C4A2836B0210033D5CD /* DataServices */,
				5C8B9E752836BC5D00B3757B /* Views */,
				5CE49C4B2836B0290033D5CD /* Models */,
				5CE49C3C2836B00E0033D5CD /* ParkInnApp.swift */,
				5CE49C3E2836B00E0033D5CD /* ContentView.swift */,
				5CE49C402836B00F0033D5CD /* Assets.xcassets */,
				5CE49C422836B00F0033D5CD /* Preview Content */,
			);
			path = ParkInn;
			sourceTree = "<group>";
		};
		5CE49C422836B00F0033D5CD /* Preview Content */ = {
			isa = PBXGroup;
			children = (
				5CE49C432836B00F0033D5CD /* Preview Assets.xcassets */,
			);
			path = "Preview Content";
			sourceTree = "<group>";
		};
		5CE49C4A2836B0210033D5CD /* DataServices */ = {
			isa = PBXGroup;
			children = (
				5CE49C4C2836B0430033D5CD /* LocationsDataService.swift */,
			);
			path = DataServices;
			sourceTree = "<group>";
		};
		5CE49C4B2836B0290033D5CD /* Models */ = {
			isa = PBXGroup;
			children = (
				5CE49C4E2836B04B0033D5CD /* Location.swift */,
			);
			path = Models;
			sourceTree = "<group>";
		};
/* End PBXGroup section */

/* Begin PBXNativeTarget section */
		5CE49C382836B00E0033D5CD /* ParkInn */ = {
			isa = PBXNativeTarget;
			buildConfigurationList = 5CE49C472836B00F0033D5CD /* Build configuration list for PBXNativeTarget "ParkInn" */;
			buildPhases = (
				5CE49C352836B00E0033D5CD /* Sources */,
				5CE49C362836B00E0033D5CD /* Frameworks */,
				5CE49C372836B00E0033D5CD /* Resources */,
			);
			buildRules = (
			);
			dependencies = (
			);
			name = ParkInn;
			packageProductDependencies = (
				5C263588285423AE003C68AD /* NavigationStack */,
			);
			productName = ParkInn;
			productReference = 5CE49C392836B00E0033D5CD /* ParkInn.app */;
			productType = "com.apple.product-type.application";
		};
/* End PBXNativeTarget section */

/* Begin PBXProject section */
		5CE49C312836B00E0033D5CD /* Project object */ = {
			isa = PBXProject;
			attributes = {
				BuildIndependentTargetsInParallel = 1;
				LastSwiftUpdateCheck = 1340;
				LastUpgradeCheck = 1340;
				TargetAttributes = {
					5CE49C382836B00E0033D5CD = {
						CreatedOnToolsVersion = 13.4;
					};
				};
			};
			buildConfigurationList = 5CE49C342836B00E0033D5CD /* Build configuration list for PBXProject "ParkInn" */;
			compatibilityVersion = "Xcode 13.0";
			developmentRegion = en;
			hasScannedForEncodings = 0;
			knownRegions = (
				en,
				Base,
			);
			mainGroup = 5CE49C302836B00E0033D5CD;
			packageReferences = (
				5C263587285423AE003C68AD /* XCRemoteSwiftPackageReference "swiftui-navigation-stack" */,
			);
			productRefGroup = 5CE49C3A2836B00E0033D5CD /* Products */;
			projectDirPath = "";
			projectRoot = "";
			targets = (
				5CE49C382836B00E0033D5CD /* ParkInn */,
			);
		};
/* End PBXProject section */

/* Begin PBXResourcesBuildPhase section */
		5CE49C372836B00E0033D5CD /* Resources */ = {
			isa = PBXResourcesBuildPhase;
			buildActionMask = 2147483647;
			files = (
				5CE49C442836B00F0033D5CD /* Preview Assets.xcassets in Resources */,
				5CE49C412836B00F0033D5CD /* Assets.xcassets in Resources */,
			);
			runOnlyForDeploymentPostprocessing = 0;
		};
/* End PBXResourcesBuildPhase section */

/* Begin PBXSourcesBuildPhase section */
		5CE49C352836B00E0033D5CD /* Sources */ = {
			isa = PBXSourcesBuildPhase;
			buildActionMask = 2147483647;
			files = (
				5C26357F2854004F003C68AD /* OnboardingScreenView.swift in Sources */,
				5CE49C3F2836B00E0033D5CD /* ContentView.swift in Sources */,
				5C263590285544C7003C68AD /* SignInGoogle.swift in Sources */,
				5CE49C3D2836B00E0033D5CD /* ParkInnApp.swift in Sources */,
				5C8B9E742836B66B00B3757B /* LocationView.swift in Sources */,
				5CD6E6612836F44100C6E592 /* ExtendTime.swift in Sources */,
				5C26358E28553F99003C68AD /* SignInButton.swift in Sources */,
				5CE49C4F2836B04B0033D5CD /* Location.swift in Sources */,
				5C26359228554525003C68AD /* SignInApple.swift in Sources */,
				5C9A3D212836D64F00A3D428 /* Welcome.swift in Sources */,
				5C263586285408B8003C68AD /* CustomButton2.swift in Sources */,
				5CD6E65F2836F2CA00C6E592 /* BookPay.swift in Sources */,
				5C263584285405C4003C68AD /* CustomButton.swift in Sources */,
				5CE49C4D2836B0430033D5CD /* LocationsDataService.swift in Sources */,
				5C26358C28553E86003C68AD /* SignIn.swift in Sources */,
				5C7BAA3528372C4E00BCE38F /* LoginView.swift in Sources */,
				5CD6E65D2836E22600C6E592 /* MapDirect.swift in Sources */,
			);
			runOnlyForDeploymentPostprocessing = 0;
		};
/* End PBXSourcesBuildPhase section */

/* Begin XCBuildConfiguration section */
		5CE49C452836B00F0033D5CD /* Debug */ = {
			isa = XCBuildConfiguration;
			buildSettings = {
				ALWAYS_SEARCH_USER_PATHS = NO;
				CLANG_ANALYZER_NONNULL = YES;
				CLANG_ANALYZER_NUMBER_OBJECT_CONVERSION = YES_AGGRESSIVE;
				CLANG_CXX_LANGUAGE_STANDARD = "gnu++17";
				CLANG_ENABLE_MODULES = YES;
				CLANG_ENABLE_OBJC_ARC = YES;
				CLANG_ENABLE_OBJC_WEAK = YES;
				CLANG_WARN_BLOCK_CAPTURE_AUTORELEASING = YES;
				CLANG_WARN_BOOL_CONVERSION = YES;
				CLANG_WARN_COMMA = YES;
				CLANG_WARN_CONSTANT_CONVERSION = YES;
				CLANG_WARN_DEPRECATED_OBJC_IMPLEMENTATIONS = YES;
				CLANG_WARN_DIRECT_OBJC_ISA_USAGE = YES_ERROR;
				CLANG_WARN_DOCUMENTATION_COMMENTS = YES;
				CLANG_WARN_EMPTY_BODY = YES;
				CLANG_WARN_ENUM_CONVERSION = YES;
				CLANG_WARN_INFINITE_RECURSION = YES;
				CLANG_WARN_INT_CONVERSION = YES;
				CLANG_WARN_NON_LITERAL_NULL_CONVERSION = YES;
				CLANG_WARN_OBJC_IMPLICIT_RETAIN_SELF = YES;
				CLANG_WARN_OBJC_LITERAL_CONVERSION = YES;
				CLANG_WARN_OBJC_ROOT_CLASS = YES_ERROR;
				CLANG_WARN_QUOTED_INCLUDE_IN_FRAMEWORK_HEADER = YES;
				CLANG_WARN_RANGE_LOOP_ANALYSIS = YES;
				CLANG_WARN_STRICT_PROTOTYPES = YES;
				CLANG_WARN_SUSPICIOUS_MOVE = YES;
				CLANG_WARN_UNGUARDED_AVAILABILITY = YES_AGGRESSIVE;
				CLANG_WARN_UNREACHABLE_CODE = YES;
				CLANG_WARN__DUPLICATE_METHOD_MATCH = YES;
				COPY_PHASE_STRIP = NO;
				DEBUG_INFORMATION_FORMAT = dwarf;
				ENABLE_STRICT_OBJC_MSGSEND = YES;
				ENABLE_TESTABILITY = YES;
				GCC_C_LANGUAGE_STANDARD = gnu11;
				GCC_DYNAMIC_NO_PIC = NO;
				GCC_NO_COMMON_BLOCKS = YES;
				GCC_OPTIMIZATION_LEVEL = 0;
				GCC_PREPROCESSOR_DEFINITIONS = (
					"DEBUG=1",
					"$(inherited)",
				);
				GCC_WARN_64_TO_32_BIT_CONVERSION = YES;
				GCC_WARN_ABOUT_RETURN_TYPE = YES_ERROR;
				GCC_WARN_UNDECLARED_SELECTOR = YES;
				GCC_WARN_UNINITIALIZED_AUTOS = YES_AGGRESSIVE;
				GCC_WARN_UNUSED_FUNCTION = YES;
				GCC_WARN_UNUSED_VARIABLE = YES;
				IPHONEOS_DEPLOYMENT_TARGET = 14.0;
				MTL_ENABLE_DEBUG_INFO = INCLUDE_SOURCE;
				MTL_FAST_MATH = YES;
				ONLY_ACTIVE_ARCH = YES;
				SDKROOT = iphoneos;
				SWIFT_ACTIVE_COMPILATION_CONDITIONS = DEBUG;
				SWIFT_OPTIMIZATION_LEVEL = "-Onone";
			};
			name = Debug;
		};
		5CE49C462836B00F0033D5CD /* Release */ = {
			isa = XCBuildConfiguration;
			buildSettings = {
				ALWAYS_SEARCH_USER_PATHS = NO;
				CLANG_ANALYZER_NONNULL = YES;
				CLANG_ANALYZER_NUMBER_OBJECT_CONVERSION = YES_AGGRESSIVE;
				CLANG_CXX_LANGUAGE_STANDARD = "gnu++17";
				CLANG_ENABLE_MODULES = YES;
				CLANG_ENABLE_OBJC_ARC = YES;
				CLANG_ENABLE_OBJC_WEAK = YES;
				CLANG_WARN_BLOCK_CAPTURE_AUTORELEASING = YES;
				CLANG_WARN_BOOL_CONVERSION = YES;
				CLANG_WARN_COMMA = YES;
				CLANG_WARN_CONSTANT_CONVERSION = YES;
				CLANG_WARN_DEPRECATED_OBJC_IMPLEMENTATIONS = YES;
				CLANG_WARN_DIRECT_OBJC_ISA_USAGE = YES_ERROR;
				CLANG_WARN_DOCUMENTATION_COMMENTS = YES;
				CLANG_WARN_EMPTY_BODY = YES;
				CLANG_WARN_ENUM_CONVERSION = YES;
				CLANG_WARN_INFINITE_RECURSION = YES;
				CLANG_WARN_INT_CONVERSION = YES;
				CLANG_WARN_NON_LITERAL_NULL_CONVERSION = YES;
				CLANG_WARN_OBJC_IMPLICIT_RETAIN_SELF = YES;
				CLANG_WARN_OBJC_LITERAL_CONVERSION = YES;
				CLANG_WARN_OBJC_ROOT_CLASS = YES_ERROR;
				CLANG_WARN_QUOTED_INCLUDE_IN_FRAMEWORK_HEADER = YES;
				CLANG_WARN_RANGE_LOOP_ANALYSIS = YES;
				CLANG_WARN_STRICT_PROTOTYPES = YES;
				CLANG_WARN_SUSPICIOUS_MOVE = YES;
				CLANG_WARN_UNGUARDED_AVAILABILITY = YES_AGGRESSIVE;
				CLANG_WARN_UNREACHABLE_CODE = YES;
				CLANG_WARN__DUPLICATE_METHOD_MATCH = YES;
				COPY_PHASE_STRIP = NO;
				DEBUG_INFORMATION_FORMAT = "dwarf-with-dsym";
				ENABLE_NS_ASSERTIONS = NO;
				ENABLE_STRICT_OBJC_MSGSEND = YES;
				GCC_C_LANGUAGE_STANDARD = gnu11;
				GCC_NO_COMMON_BLOCKS = YES;
				GCC_WARN_64_TO_32_BIT_CONVERSION = YES;
				GCC_WARN_ABOUT_RETURN_TYPE = YES_ERROR;
				GCC_WARN_UNDECLARED_SELECTOR = YES;
				GCC_WARN_UNINITIALIZED_AUTOS = YES_AGGRESSIVE;
				GCC_WARN_UNUSED_FUNCTION = YES;
				GCC_WARN_UNUSED_VARIABLE = YES;
				IPHONEOS_DEPLOYMENT_TARGET = 14.0;
				MTL_ENABLE_DEBUG_INFO = NO;
				MTL_FAST_MATH = YES;
				SDKROOT = iphoneos;
				SWIFT_COMPILATION_MODE = wholemodule;
				SWIFT_OPTIMIZATION_LEVEL = "-O";
				VALIDATE_PRODUCT = YES;
			};
			name = Release;
		};
		5CE49C482836B00F0033D5CD /* Debug */ = {
			isa = XCBuildConfiguration;
			buildSettings = {
				ASSETCATALOG_COMPILER_APPICON_NAME = AppIcon;
				ASSETCATALOG_COMPILER_GLOBAL_ACCENT_COLOR_NAME = AccentColor;
				CODE_SIGN_STYLE = Automatic;
				CURRENT_PROJECT_VERSION = 1;
				DEVELOPMENT_ASSET_PATHS = "\"ParkInn/Preview Content\"";
				DEVELOPMENT_TEAM = PW78GG62RA;
				ENABLE_PREVIEWS = YES;
				GENERATE_INFOPLIST_FILE = YES;
				INFOPLIST_KEY_NSLocationAlwaysAndWhenInUseUsageDescription = "";
				INFOPLIST_KEY_NSLocationAlwaysUsageDescription = "";
				INFOPLIST_KEY_NSLocationUsageDescription = "";
				INFOPLIST_KEY_NSLocationWhenInUseUsageDescription = "";
				INFOPLIST_KEY_UIApplicationSceneManifest_Generation = YES;
				INFOPLIST_KEY_UIApplicationSupportsIndirectInputEvents = YES;
				INFOPLIST_KEY_UILaunchScreen_Generation = YES;
				INFOPLIST_KEY_UISupportedInterfaceOrientations_iPad = "UIInterfaceOrientationPortrait UIInterfaceOrientationPortraitUpsideDown UIInterfaceOrientationLandscapeLeft UIInterfaceOrientationLandscapeRight";
				INFOPLIST_KEY_UISupportedInterfaceOrientations_iPhone = "UIInterfaceOrientationPortrait UIInterfaceOrientationLandscapeLeft UIInterfaceOrientationLandscapeRight";
				LD_RUNPATH_SEARCH_PATHS = (
					"$(inherited)",
					"@executable_path/Frameworks",
				);
				MARKETING_VERSION = 1.0;
				PRODUCT_BUNDLE_IDENTIFIER = com.huseynabishov.ParkInn;
				PRODUCT_NAME = "$(TARGET_NAME)";
				SWIFT_EMIT_LOC_STRINGS = YES;
				SWIFT_VERSION = 5.0;
				TARGETED_DEVICE_FAMILY = "1,2";
			};
			name = Debug;
		};
		5CE49C492836B00F0033D5CD /* Release */ = {
			isa = XCBuildConfiguration;
			buildSettings = {
				ASSETCATALOG_COMPILER_APPICON_NAME = AppIcon;
				ASSETCATALOG_COMPILER_GLOBAL_ACCENT_COLOR_NAME = AccentColor;
				CODE_SIGN_STYLE = Automatic;
				CURRENT_PROJECT_VERSION = 1;
				DEVELOPMENT_ASSET_PATHS = "\"ParkInn/Preview Content\"";
				DEVELOPMENT_TEAM = PW78GG62RA;
				ENABLE_PREVIEWS = YES;
				GENERATE_INFOPLIST_FILE = YES;
				INFOPLIST_KEY_NSLocationAlwaysAndWhenInUseUsageDescription = "";
				INFOPLIST_KEY_NSLocationAlwaysUsageDescription = "";
				INFOPLIST_KEY_NSLocationUsageDescription = "";
				INFOPLIST_KEY_NSLocationWhenInUseUsageDescription = "";
				INFOPLIST_KEY_UIApplicationSceneManifest_Generation = YES;
				INFOPLIST_KEY_UIApplicationSupportsIndirectInputEvents = YES;
				INFOPLIST_KEY_UILaunchScreen_Generation = YES;
				INFOPLIST_KEY_UISupportedInterfaceOrientations_iPad = "UIInterfaceOrientationPortrait UIInterfaceOrientationPortraitUpsideDown UIInterfaceOrientationLandscapeLeft UIInterfaceOrientationLandscapeRight";
				INFOPLIST_KEY_UISupportedInterfaceOrientations_iPhone = "UIInterfaceOrientationPortrait UIInterfaceOrientationLandscapeLeft UIInterfaceOrientationLandscapeRight";
				LD_RUNPATH_SEARCH_PATHS = (
					"$(inherited)",
					"@executable_path/Frameworks",
				);
				MARKETING_VERSION = 1.0;
				PRODUCT_BUNDLE_IDENTIFIER = com.huseynabishov.ParkInn;
				PRODUCT_NAME = "$(TARGET_NAME)";
				SWIFT_EMIT_LOC_STRINGS = YES;
				SWIFT_VERSION = 5.0;
				TARGETED_DEVICE_FAMILY = "1,2";
			};
			name = Release;
		};
/* End XCBuildConfiguration section */

/* Begin XCConfigurationList section */
		5CE49C342836B00E0033D5CD /* Build configuration list for PBXProject "ParkInn" */ = {
			isa = XCConfigurationList;
			buildConfigurations = (
				5CE49C452836B00F0033D5CD /* Debug */,
				5CE49C462836B00F0033D5CD /* Release */,
			);
			defaultConfigurationIsVisible = 0;
			defaultConfigurationName = Release;
		};
		5CE49C472836B00F0033D5CD /* Build configuration list for PBXNativeTarget "ParkInn" */ = {
			isa = XCConfigurationList;
			buildConfigurations = (
				5CE49C482836B00F0033D5CD /* Debug */,
				5CE49C492836B00F0033D5CD /* Release */,
			);
			defaultConfigurationIsVisible = 0;
			defaultConfigurationName = Release;
		};
/* End XCConfigurationList section */

/* Begin XCRemoteSwiftPackageReference section */
		5C263587285423AE003C68AD /* XCRemoteSwiftPackageReference "swiftui-navigation-stack" */ = {
			isa = XCRemoteSwiftPackageReference;
			repositoryURL = "https://github.com/matteopuc/swiftui-navigation-stack.git";
			requirement = {
				kind = upToNextMajorVersion;
				minimumVersion = 1.0.0;
			};
		};
/* End XCRemoteSwiftPackageReference section */

/* Begin XCSwiftPackageProductDependency section */
		5C263588285423AE003C68AD /* NavigationStack */ = {
			isa = XCSwiftPackageProductDependency;
			package = 5C263587285423AE003C68AD /* XCRemoteSwiftPackageReference "swiftui-navigation-stack" */;
			productName = NavigationStack;
		};
/* End XCSwiftPackageProductDependency section */
	};
	rootObject = 5CE49C312836B00E0033D5CD /* Project object */;
}
