// !$*UTF8*$!
{
	archiveVersion = 1;
	classes = {
	};
	objectVersion = 55;
	objects = {

/* Begin PBXBuildFile section */
		5C01A44F2889991500DBAFD7 /* PickParkingSpot.swift in Sources */ = {isa = PBXBuildFile; fileRef = 5C01A44E2889991500DBAFD7 /* PickParkingSpot.swift */; };
		5C01A45128899A0700DBAFD7 /* FloorButton.swift in Sources */ = {isa = PBXBuildFile; fileRef = 5C01A45028899A0700DBAFD7 /* FloorButton.swift */; };
		5C01A458288A009500DBAFD7 /* SecondF.swift in Sources */ = {isa = PBXBuildFile; fileRef = 5C01A457288A009500DBAFD7 /* SecondF.swift */; };
		5C02668A2858FDAF0026E462 /* GenderPick.swift in Sources */ = {isa = PBXBuildFile; fileRef = 5C0266892858FDAF0026E462 /* GenderPick.swift */; };
		5C0266962859167A0026E462 /* ForgotPassword.swift in Sources */ = {isa = PBXBuildFile; fileRef = 5C0266952859167A0026E462 /* ForgotPassword.swift */; };
		5C02669928591CD20026E462 /* ViaButtons.swift in Sources */ = {isa = PBXBuildFile; fileRef = 5C02669828591CD20026E462 /* ViaButtons.swift */; };
		5C039037286156A50023585A /* NavigationStack in Frameworks */ = {isa = PBXBuildFile; productRef = 5C039036286156A50023585A /* NavigationStack */; };
		5C03903928615BC50023585A /* NotifWall.swift in Sources */ = {isa = PBXBuildFile; fileRef = 5C03903828615BC50023585A /* NotifWall.swift */; };
		5C03903C286168C60023585A /* SavedScreen.swift in Sources */ = {isa = PBXBuildFile; fileRef = 5C03903B286168C60023585A /* SavedScreen.swift */; };
		5C0390772863CB0D0023585A /* MapView.swift in Sources */ = {isa = PBXBuildFile; fileRef = 5C0390762863CB0D0023585A /* MapView.swift */; };
		5C0390792863D14A0023585A /* TabBarPage.swift in Sources */ = {isa = PBXBuildFile; fileRef = 5C0390782863D14A0023585A /* TabBarPage.swift */; };
		5C03907B2863E91A0023585A /* LocationPinButton.swift in Sources */ = {isa = PBXBuildFile; fileRef = 5C03907A2863E91A0023585A /* LocationPinButton.swift */; };
		5C03907D2863F2720023585A /* LocationNameButton.swift in Sources */ = {isa = PBXBuildFile; fileRef = 5C03907C2863F2720023585A /* LocationNameButton.swift */; };
		5C26357F2854004F003C68AD /* OnboardingScreenView.swift in Sources */ = {isa = PBXBuildFile; fileRef = 5C26357E2854004F003C68AD /* OnboardingScreenView.swift */; };
		5C263584285405C4003C68AD /* CustomButton.swift in Sources */ = {isa = PBXBuildFile; fileRef = 5C263583285405C4003C68AD /* CustomButton.swift */; };
		5C263586285408B8003C68AD /* CustomButton2.swift in Sources */ = {isa = PBXBuildFile; fileRef = 5C263585285408B8003C68AD /* CustomButton2.swift */; };
		5C26358C28553E86003C68AD /* SignIn.swift in Sources */ = {isa = PBXBuildFile; fileRef = 5C26358B28553E86003C68AD /* SignIn.swift */; };
		5C26358E28553F99003C68AD /* SignInButton.swift in Sources */ = {isa = PBXBuildFile; fileRef = 5C26358D28553F99003C68AD /* SignInButton.swift */; };
		5C263590285544C7003C68AD /* SignInGoogle.swift in Sources */ = {isa = PBXBuildFile; fileRef = 5C26358F285544C7003C68AD /* SignInGoogle.swift */; };
		5C26359228554525003C68AD /* SignInApple.swift in Sources */ = {isa = PBXBuildFile; fileRef = 5C26359128554525003C68AD /* SignInApple.swift */; };
		5C41178C2896E34A00B512C9 /* CardDataModel.swift in Sources */ = {isa = PBXBuildFile; fileRef = 5C41178B2896E34A00B512C9 /* CardDataModel.swift */; };
		5C41A7092891F9440048896D /* AddPaymentButton.swift in Sources */ = {isa = PBXBuildFile; fileRef = 5C41A7082891F9440048896D /* AddPaymentButton.swift */; };
		5C41A70B2891FED80048896D /* AddingNewCard.swift in Sources */ = {isa = PBXBuildFile; fileRef = 5C41A70A2891FED80048896D /* AddingNewCard.swift */; };
		5C41A70D28929A560048896D /* CreditCard.swift in Sources */ = {isa = PBXBuildFile; fileRef = 5C41A70C28929A560048896D /* CreditCard.swift */; };
		5C55CE04285A7BA400C259E0 /* ViaEmail.swift in Sources */ = {isa = PBXBuildFile; fileRef = 5C55CE03285A7BA400C259E0 /* ViaEmail.swift */; };
		5C55CE06285A8CED00C259E0 /* ForgotFill.swift in Sources */ = {isa = PBXBuildFile; fileRef = 5C55CE05285A8CED00C259E0 /* ForgotFill.swift */; };
		5C55CE08285A8FEF00C259E0 /* Verification.swift in Sources */ = {isa = PBXBuildFile; fileRef = 5C55CE07285A8FEF00C259E0 /* Verification.swift */; };
		5C55CE0A285AAF2B00C259E0 /* CreatePass.swift in Sources */ = {isa = PBXBuildFile; fileRef = 5C55CE09285AAF2B00C259E0 /* CreatePass.swift */; };
		5C55CE0C285B7C5500C259E0 /* PassFill.swift in Sources */ = {isa = PBXBuildFile; fileRef = 5C55CE0B285B7C5500C259E0 /* PassFill.swift */; };
		5C5FD03E2880591F004F740F /* TaskData.swift in Sources */ = {isa = PBXBuildFile; fileRef = 5C5FD03D2880591F004F740F /* TaskData.swift */; };
		5C630C7B2857B426004C77BE /* CreateAcc.swift in Sources */ = {isa = PBXBuildFile; fileRef = 5C630C7A2857B426004C77BE /* CreateAcc.swift */; };
		5C630C7D2857B691004C77BE /* TypingField.swift in Sources */ = {isa = PBXBuildFile; fileRef = 5C630C7C2857B691004C77BE /* TypingField.swift */; };
		5C630C7F2857C27E004C77BE /* TypingPass.swift in Sources */ = {isa = PBXBuildFile; fileRef = 5C630C7E2857C27E004C77BE /* TypingPass.swift */; };
		5C630C832857DD9F004C77BE /* LogosButton.swift in Sources */ = {isa = PBXBuildFile; fileRef = 5C630C822857DD9E004C77BE /* LogosButton.swift */; };
		5C630C8528581C11004C77BE /* LoginAcc.swift in Sources */ = {isa = PBXBuildFile; fileRef = 5C630C8428581C11004C77BE /* LoginAcc.swift */; };
		5C630C8A28582143004C77BE /* FillProfile.swift in Sources */ = {isa = PBXBuildFile; fileRef = 5C630C8928582143004C77BE /* FillProfile.swift */; };
		5C630C8D28582BC5004C77BE /* ImageUpload.swift in Sources */ = {isa = PBXBuildFile; fileRef = 5C630C8C28582BC5004C77BE /* ImageUpload.swift */; };
		5C630C9128582C88004C77BE /* ImagePicker.swift in Sources */ = {isa = PBXBuildFile; fileRef = 5C630C9028582C88004C77BE /* ImagePicker.swift */; };
		5C630C932858399F004C77BE /* UsernameObj.swift in Sources */ = {isa = PBXBuildFile; fileRef = 5C630C922858399E004C77BE /* UsernameObj.swift */; };
		5C630C9528583C71004C77BE /* Nickname.swift in Sources */ = {isa = PBXBuildFile; fileRef = 5C630C9428583C70004C77BE /* Nickname.swift */; };
		5C630C9728583E80004C77BE /* DateofBirth.swift in Sources */ = {isa = PBXBuildFile; fileRef = 5C630C9628583E80004C77BE /* DateofBirth.swift */; };
		5C630C992858B297004C77BE /* PopUpView.swift in Sources */ = {isa = PBXBuildFile; fileRef = 5C630C982858B297004C77BE /* PopUpView.swift */; };
		5C68A35B288C5FBB00FDE457 /* WayLine.swift in Sources */ = {isa = PBXBuildFile; fileRef = 5C68A35A288C5FBB00FDE457 /* WayLine.swift */; };
		5C6908BE285D5D1D00676417 /* NotifSucc.swift in Sources */ = {isa = PBXBuildFile; fileRef = 5C6908BD285D5D1D00676417 /* NotifSucc.swift */; };
		5C7BAA3528372C4E00BCE38F /* LoginView.swift in Sources */ = {isa = PBXBuildFile; fileRef = 5C7BAA3428372C4E00BCE38F /* LoginView.swift */; };
		5C7BC02F285BE43800C9DA72 /* AlertPass.swift in Sources */ = {isa = PBXBuildFile; fileRef = 5C7BC02E285BE43700C9DA72 /* AlertPass.swift */; };
		5C7BC031285D2E5200C9DA72 /* CustomScrollView.swift in Sources */ = {isa = PBXBuildFile; fileRef = 5C7BC030285D2E5200C9DA72 /* CustomScrollView.swift */; };
		5C7BC034285D313500C9DA72 /* MainMenu.swift in Sources */ = {isa = PBXBuildFile; fileRef = 5C7BC033285D313500C9DA72 /* MainMenu.swift */; };
		5C7BC03A285D324E00C9DA72 /* NotificationButton.swift in Sources */ = {isa = PBXBuildFile; fileRef = 5C7BC039285D324E00C9DA72 /* NotificationButton.swift */; };
		5C7BC03C285D335500C9DA72 /* NotificationScreen.swift in Sources */ = {isa = PBXBuildFile; fileRef = 5C7BC03B285D335500C9DA72 /* NotificationScreen.swift */; };
		5C7BC03E285D3E1D00C9DA72 /* SearchButton.swift in Sources */ = {isa = PBXBuildFile; fileRef = 5C7BC03D285D3E1D00C9DA72 /* SearchButton.swift */; };
		5C7BC040285D429E00C9DA72 /* SearchScreen.swift in Sources */ = {isa = PBXBuildFile; fileRef = 5C7BC03F285D429E00C9DA72 /* SearchScreen.swift */; };
		5C9A3D212836D64F00A3D428 /* Welcome.swift in Sources */ = {isa = PBXBuildFile; fileRef = 5C9A3D202836D64F00A3D428 /* Welcome.swift */; };
		5C9B3F5B288F21010005AE71 /* PickPlaceButton.swift in Sources */ = {isa = PBXBuildFile; fileRef = 5C9B3F5A288F21010005AE71 /* PickPlaceButton.swift */; };
		5C9B3F5D289003980005AE71 /* PaymentView.swift in Sources */ = {isa = PBXBuildFile; fileRef = 5C9B3F5C289003980005AE71 /* PaymentView.swift */; };
		5C9B3F5F289008D60005AE71 /* PaymentButton.swift in Sources */ = {isa = PBXBuildFile; fileRef = 5C9B3F5E289008D60005AE71 /* PaymentButton.swift */; };
		5CAE42C7287F4BF800FC7DFF /* DateValue.swift in Sources */ = {isa = PBXBuildFile; fileRef = 5CAE42C6287F4BF800FC7DFF /* DateValue.swift */; };
		5CAEB85D288B574100D76E45 /* SpotScheme.swift in Sources */ = {isa = PBXBuildFile; fileRef = 5CAEB85C288B574100D76E45 /* SpotScheme.swift */; };
		5CB2E83A2858E48D00874F28 /* EmailFill.swift in Sources */ = {isa = PBXBuildFile; fileRef = 5CB2E8392858E48D00874F28 /* EmailFill.swift */; };
		5CB2E83C2858EF8700874F28 /* PhoneNumber.swift in Sources */ = {isa = PBXBuildFile; fileRef = 5CB2E83B2858EF8600874F28 /* PhoneNumber.swift */; };
		5CB661342870387C001039C4 /* DetailsView.swift in Sources */ = {isa = PBXBuildFile; fileRef = 5CB661332870387C001039C4 /* DetailsView.swift */; };
		5CB6613628703C64001039C4 /* ParkingDetails.swift in Sources */ = {isa = PBXBuildFile; fileRef = 5CB6613528703C64001039C4 /* ParkingDetails.swift */; };
		5CB661392871DC25001039C4 /* DetailButton.swift in Sources */ = {isa = PBXBuildFile; fileRef = 5CB661382871DC25001039C4 /* DetailButton.swift */; };
		5CB6613B2871E36E001039C4 /* SelectYourVehicle.swift in Sources */ = {isa = PBXBuildFile; fileRef = 5CB6613A2871E36E001039C4 /* SelectYourVehicle.swift */; };
		5CB6613F28748688001039C4 /* SelectVehicle.swift in Sources */ = {isa = PBXBuildFile; fileRef = 5CB6613E28748688001039C4 /* SelectVehicle.swift */; };
		5CB66141287BCE8A001039C4 /* BookParkingDetails.swift in Sources */ = {isa = PBXBuildFile; fileRef = 5CB66140287BCE89001039C4 /* BookParkingDetails.swift */; };
		5CB66143287BD1FF001039C4 /* CustomDatePicker.swift in Sources */ = {isa = PBXBuildFile; fileRef = 5CB66142287BD1FF001039C4 /* CustomDatePicker.swift */; };
		5CBC7E3928560C7100746072 /* Arrow.swift in Sources */ = {isa = PBXBuildFile; fileRef = 5CBC7E3828560C7100746072 /* Arrow.swift */; };
		5CD6E65D2836E22600C6E592 /* MapDirect.swift in Sources */ = {isa = PBXBuildFile; fileRef = 5CD6E65C2836E22600C6E592 /* MapDirect.swift */; };
		5CD6E65F2836F2CA00C6E592 /* BookPay.swift in Sources */ = {isa = PBXBuildFile; fileRef = 5CD6E65E2836F2CA00C6E592 /* BookPay.swift */; };
		5CD6E6612836F44100C6E592 /* ExtendTime.swift in Sources */ = {isa = PBXBuildFile; fileRef = 5CD6E6602836F44100C6E592 /* ExtendTime.swift */; };
		5CE49C3D2836B00E0033D5CD /* ParkInnApp.swift in Sources */ = {isa = PBXBuildFile; fileRef = 5CE49C3C2836B00E0033D5CD /* ParkInnApp.swift */; };
		5CE49C3F2836B00E0033D5CD /* ContentView.swift in Sources */ = {isa = PBXBuildFile; fileRef = 5CE49C3E2836B00E0033D5CD /* ContentView.swift */; };
		5CE49C412836B00F0033D5CD /* Assets.xcassets in Resources */ = {isa = PBXBuildFile; fileRef = 5CE49C402836B00F0033D5CD /* Assets.xcassets */; };
		5CE49C442836B00F0033D5CD /* Preview Assets.xcassets in Resources */ = {isa = PBXBuildFile; fileRef = 5CE49C432836B00F0033D5CD /* Preview Assets.xcassets */; };
		5CFBE39C286C507A007BF6FD /* SearchSampleData.swift in Sources */ = {isa = PBXBuildFile; fileRef = 5CFBE39B286C507A007BF6FD /* SearchSampleData.swift */; };
		5CFBE39E286C88F2007BF6FD /* SearchObservableObject.swift in Sources */ = {isa = PBXBuildFile; fileRef = 5CFBE39D286C88F2007BF6FD /* SearchObservableObject.swift */; };
		5CFBE3A2286C8E92007BF6FD /* FilterObservableObject.swift in Sources */ = {isa = PBXBuildFile; fileRef = 5CFBE3A1286C8E92007BF6FD /* FilterObservableObject.swift */; };
		5CFBE3A4286C8EA2007BF6FD /* FilterView.swift in Sources */ = {isa = PBXBuildFile; fileRef = 5CFBE3A3286C8EA2007BF6FD /* FilterView.swift */; };
		5CFBE3A6286C902D007BF6FD /* PersonDataObject.swift in Sources */ = {isa = PBXBuildFile; fileRef = 5CFBE3A5286C902D007BF6FD /* PersonDataObject.swift */; };
		5CFBE3A8286C9175007BF6FD /* PersonRowView.swift in Sources */ = {isa = PBXBuildFile; fileRef = 5CFBE3A7286C9175007BF6FD /* PersonRowView.swift */; };
		5CFBE3AA286D4DBF007BF6FD /* FilterKindButton.swift in Sources */ = {isa = PBXBuildFile; fileRef = 5CFBE3A9286D4DBF007BF6FD /* FilterKindButton.swift */; };
		5CFBE3AE286D53BF007BF6FD /* SliderKm.swift in Sources */ = {isa = PBXBuildFile; fileRef = 5CFBE3AD286D53BF007BF6FD /* SliderKm.swift */; };
		5CFBE3B3286EAC34007BF6FD /* DistanceField.swift in Sources */ = {isa = PBXBuildFile; fileRef = 5CFBE3B2286EAC34007BF6FD /* DistanceField.swift */; };
/* End PBXBuildFile section */

/* Begin PBXFileReference section */
		5C01A44E2889991500DBAFD7 /* PickParkingSpot.swift */ = {isa = PBXFileReference; lastKnownFileType = sourcecode.swift; path = PickParkingSpot.swift; sourceTree = "<group>"; };
		5C01A45028899A0700DBAFD7 /* FloorButton.swift */ = {isa = PBXFileReference; lastKnownFileType = sourcecode.swift; path = FloorButton.swift; sourceTree = "<group>"; };
		5C01A457288A009500DBAFD7 /* SecondF.swift */ = {isa = PBXFileReference; lastKnownFileType = sourcecode.swift; path = SecondF.swift; sourceTree = "<group>"; };
		5C0266892858FDAF0026E462 /* GenderPick.swift */ = {isa = PBXFileReference; lastKnownFileType = sourcecode.swift; path = GenderPick.swift; sourceTree = "<group>"; };
		5C0266952859167A0026E462 /* ForgotPassword.swift */ = {isa = PBXFileReference; lastKnownFileType = sourcecode.swift; path = ForgotPassword.swift; sourceTree = "<group>"; };
		5C02669828591CD20026E462 /* ViaButtons.swift */ = {isa = PBXFileReference; lastKnownFileType = sourcecode.swift; path = ViaButtons.swift; sourceTree = "<group>"; };
		5C03903828615BC50023585A /* NotifWall.swift */ = {isa = PBXFileReference; lastKnownFileType = sourcecode.swift; path = NotifWall.swift; sourceTree = "<group>"; };
		5C03903B286168C60023585A /* SavedScreen.swift */ = {isa = PBXFileReference; lastKnownFileType = sourcecode.swift; path = SavedScreen.swift; sourceTree = "<group>"; };
		5C0390762863CB0D0023585A /* MapView.swift */ = {isa = PBXFileReference; lastKnownFileType = sourcecode.swift; path = MapView.swift; sourceTree = "<group>"; };
		5C0390782863D14A0023585A /* TabBarPage.swift */ = {isa = PBXFileReference; lastKnownFileType = sourcecode.swift; path = TabBarPage.swift; sourceTree = "<group>"; };
		5C03907A2863E91A0023585A /* LocationPinButton.swift */ = {isa = PBXFileReference; lastKnownFileType = sourcecode.swift; path = LocationPinButton.swift; sourceTree = "<group>"; };
		5C03907C2863F2720023585A /* LocationNameButton.swift */ = {isa = PBXFileReference; lastKnownFileType = sourcecode.swift; path = LocationNameButton.swift; sourceTree = "<group>"; };
		5C26357E2854004F003C68AD /* OnboardingScreenView.swift */ = {isa = PBXFileReference; lastKnownFileType = sourcecode.swift; path = OnboardingScreenView.swift; sourceTree = "<group>"; };
		5C263583285405C4003C68AD /* CustomButton.swift */ = {isa = PBXFileReference; lastKnownFileType = sourcecode.swift; path = CustomButton.swift; sourceTree = "<group>"; };
		5C263585285408B8003C68AD /* CustomButton2.swift */ = {isa = PBXFileReference; lastKnownFileType = sourcecode.swift; path = CustomButton2.swift; sourceTree = "<group>"; };
		5C26358B28553E86003C68AD /* SignIn.swift */ = {isa = PBXFileReference; lastKnownFileType = sourcecode.swift; path = SignIn.swift; sourceTree = "<group>"; };
		5C26358D28553F99003C68AD /* SignInButton.swift */ = {isa = PBXFileReference; lastKnownFileType = sourcecode.swift; path = SignInButton.swift; sourceTree = "<group>"; };
		5C26358F285544C7003C68AD /* SignInGoogle.swift */ = {isa = PBXFileReference; lastKnownFileType = sourcecode.swift; path = SignInGoogle.swift; sourceTree = "<group>"; };
		5C26359128554525003C68AD /* SignInApple.swift */ = {isa = PBXFileReference; lastKnownFileType = sourcecode.swift; path = SignInApple.swift; sourceTree = "<group>"; };
		5C41178B2896E34A00B512C9 /* CardDataModel.swift */ = {isa = PBXFileReference; lastKnownFileType = sourcecode.swift; path = CardDataModel.swift; sourceTree = "<group>"; };
		5C41A7082891F9440048896D /* AddPaymentButton.swift */ = {isa = PBXFileReference; lastKnownFileType = sourcecode.swift; path = AddPaymentButton.swift; sourceTree = "<group>"; };
		5C41A70A2891FED80048896D /* AddingNewCard.swift */ = {isa = PBXFileReference; lastKnownFileType = sourcecode.swift; path = AddingNewCard.swift; sourceTree = "<group>"; };
		5C41A70C28929A560048896D /* CreditCard.swift */ = {isa = PBXFileReference; lastKnownFileType = sourcecode.swift; path = CreditCard.swift; sourceTree = "<group>"; };
		5C55CE03285A7BA400C259E0 /* ViaEmail.swift */ = {isa = PBXFileReference; lastKnownFileType = sourcecode.swift; path = ViaEmail.swift; sourceTree = "<group>"; };
		5C55CE05285A8CED00C259E0 /* ForgotFill.swift */ = {isa = PBXFileReference; lastKnownFileType = sourcecode.swift; path = ForgotFill.swift; sourceTree = "<group>"; };
		5C55CE07285A8FEF00C259E0 /* Verification.swift */ = {isa = PBXFileReference; lastKnownFileType = sourcecode.swift; path = Verification.swift; sourceTree = "<group>"; };
		5C55CE09285AAF2B00C259E0 /* CreatePass.swift */ = {isa = PBXFileReference; lastKnownFileType = sourcecode.swift; path = CreatePass.swift; sourceTree = "<group>"; };
		5C55CE0B285B7C5500C259E0 /* PassFill.swift */ = {isa = PBXFileReference; lastKnownFileType = sourcecode.swift; path = PassFill.swift; sourceTree = "<group>"; };
		5C5FD03D2880591F004F740F /* TaskData.swift */ = {isa = PBXFileReference; lastKnownFileType = sourcecode.swift; path = TaskData.swift; sourceTree = "<group>"; };
		5C630C7A2857B426004C77BE /* CreateAcc.swift */ = {isa = PBXFileReference; lastKnownFileType = sourcecode.swift; path = CreateAcc.swift; sourceTree = "<group>"; };
		5C630C7C2857B691004C77BE /* TypingField.swift */ = {isa = PBXFileReference; lastKnownFileType = sourcecode.swift; path = TypingField.swift; sourceTree = "<group>"; };
		5C630C7E2857C27E004C77BE /* TypingPass.swift */ = {isa = PBXFileReference; lastKnownFileType = sourcecode.swift; path = TypingPass.swift; sourceTree = "<group>"; };
		5C630C822857DD9E004C77BE /* LogosButton.swift */ = {isa = PBXFileReference; lastKnownFileType = sourcecode.swift; path = LogosButton.swift; sourceTree = "<group>"; };
		5C630C8428581C11004C77BE /* LoginAcc.swift */ = {isa = PBXFileReference; lastKnownFileType = sourcecode.swift; path = LoginAcc.swift; sourceTree = "<group>"; };
		5C630C8928582143004C77BE /* FillProfile.swift */ = {isa = PBXFileReference; lastKnownFileType = sourcecode.swift; path = FillProfile.swift; sourceTree = "<group>"; };
		5C630C8C28582BC5004C77BE /* ImageUpload.swift */ = {isa = PBXFileReference; lastKnownFileType = sourcecode.swift; path = ImageUpload.swift; sourceTree = "<group>"; };
		5C630C9028582C88004C77BE /* ImagePicker.swift */ = {isa = PBXFileReference; lastKnownFileType = sourcecode.swift; path = ImagePicker.swift; sourceTree = "<group>"; };
		5C630C922858399E004C77BE /* UsernameObj.swift */ = {isa = PBXFileReference; lastKnownFileType = sourcecode.swift; path = UsernameObj.swift; sourceTree = "<group>"; };
		5C630C9428583C70004C77BE /* Nickname.swift */ = {isa = PBXFileReference; lastKnownFileType = sourcecode.swift; path = Nickname.swift; sourceTree = "<group>"; };
		5C630C9628583E80004C77BE /* DateofBirth.swift */ = {isa = PBXFileReference; lastKnownFileType = sourcecode.swift; path = DateofBirth.swift; sourceTree = "<group>"; };
		5C630C982858B297004C77BE /* PopUpView.swift */ = {isa = PBXFileReference; lastKnownFileType = sourcecode.swift; path = PopUpView.swift; sourceTree = "<group>"; };
		5C68A35A288C5FBB00FDE457 /* WayLine.swift */ = {isa = PBXFileReference; lastKnownFileType = sourcecode.swift; path = WayLine.swift; sourceTree = "<group>"; };
		5C6908BD285D5D1D00676417 /* NotifSucc.swift */ = {isa = PBXFileReference; lastKnownFileType = sourcecode.swift; path = NotifSucc.swift; sourceTree = "<group>"; };
		5C7BAA3428372C4E00BCE38F /* LoginView.swift */ = {isa = PBXFileReference; lastKnownFileType = sourcecode.swift; path = LoginView.swift; sourceTree = "<group>"; };
		5C7BC02E285BE43700C9DA72 /* AlertPass.swift */ = {isa = PBXFileReference; lastKnownFileType = sourcecode.swift; path = AlertPass.swift; sourceTree = "<group>"; };
		5C7BC030285D2E5200C9DA72 /* CustomScrollView.swift */ = {isa = PBXFileReference; lastKnownFileType = sourcecode.swift; path = CustomScrollView.swift; sourceTree = "<group>"; };
		5C7BC033285D313500C9DA72 /* MainMenu.swift */ = {isa = PBXFileReference; lastKnownFileType = sourcecode.swift; path = MainMenu.swift; sourceTree = "<group>"; };
		5C7BC039285D324E00C9DA72 /* NotificationButton.swift */ = {isa = PBXFileReference; lastKnownFileType = sourcecode.swift; path = NotificationButton.swift; sourceTree = "<group>"; };
		5C7BC03B285D335500C9DA72 /* NotificationScreen.swift */ = {isa = PBXFileReference; lastKnownFileType = sourcecode.swift; path = NotificationScreen.swift; sourceTree = "<group>"; };
		5C7BC03D285D3E1D00C9DA72 /* SearchButton.swift */ = {isa = PBXFileReference; lastKnownFileType = sourcecode.swift; path = SearchButton.swift; sourceTree = "<group>"; };
		5C7BC03F285D429E00C9DA72 /* SearchScreen.swift */ = {isa = PBXFileReference; lastKnownFileType = sourcecode.swift; path = SearchScreen.swift; sourceTree = "<group>"; };
		5C9A3D202836D64F00A3D428 /* Welcome.swift */ = {isa = PBXFileReference; lastKnownFileType = sourcecode.swift; path = Welcome.swift; sourceTree = "<group>"; };
		5C9B3F5A288F21010005AE71 /* PickPlaceButton.swift */ = {isa = PBXFileReference; lastKnownFileType = sourcecode.swift; path = PickPlaceButton.swift; sourceTree = "<group>"; };
		5C9B3F5C289003980005AE71 /* PaymentView.swift */ = {isa = PBXFileReference; lastKnownFileType = sourcecode.swift; path = PaymentView.swift; sourceTree = "<group>"; };
		5C9B3F5E289008D60005AE71 /* PaymentButton.swift */ = {isa = PBXFileReference; lastKnownFileType = sourcecode.swift; path = PaymentButton.swift; sourceTree = "<group>"; };
		5CAE42C6287F4BF800FC7DFF /* DateValue.swift */ = {isa = PBXFileReference; lastKnownFileType = sourcecode.swift; path = DateValue.swift; sourceTree = "<group>"; };
		5CAEB85C288B574100D76E45 /* SpotScheme.swift */ = {isa = PBXFileReference; lastKnownFileType = sourcecode.swift; path = SpotScheme.swift; sourceTree = "<group>"; };
		5CB2E8392858E48D00874F28 /* EmailFill.swift */ = {isa = PBXFileReference; lastKnownFileType = sourcecode.swift; path = EmailFill.swift; sourceTree = "<group>"; };
		5CB2E83B2858EF8600874F28 /* PhoneNumber.swift */ = {isa = PBXFileReference; lastKnownFileType = sourcecode.swift; path = PhoneNumber.swift; sourceTree = "<group>"; };
		5CB661332870387C001039C4 /* DetailsView.swift */ = {isa = PBXFileReference; lastKnownFileType = sourcecode.swift; path = DetailsView.swift; sourceTree = "<group>"; };
		5CB6613528703C64001039C4 /* ParkingDetails.swift */ = {isa = PBXFileReference; lastKnownFileType = sourcecode.swift; path = ParkingDetails.swift; sourceTree = "<group>"; };
		5CB661382871DC25001039C4 /* DetailButton.swift */ = {isa = PBXFileReference; lastKnownFileType = sourcecode.swift; path = DetailButton.swift; sourceTree = "<group>"; };
		5CB6613A2871E36E001039C4 /* SelectYourVehicle.swift */ = {isa = PBXFileReference; lastKnownFileType = sourcecode.swift; path = SelectYourVehicle.swift; sourceTree = "<group>"; };
		5CB6613E28748688001039C4 /* SelectVehicle.swift */ = {isa = PBXFileReference; lastKnownFileType = sourcecode.swift; path = SelectVehicle.swift; sourceTree = "<group>"; };
		5CB66140287BCE89001039C4 /* BookParkingDetails.swift */ = {isa = PBXFileReference; lastKnownFileType = sourcecode.swift; path = BookParkingDetails.swift; sourceTree = "<group>"; };
		5CB66142287BD1FF001039C4 /* CustomDatePicker.swift */ = {isa = PBXFileReference; lastKnownFileType = sourcecode.swift; path = CustomDatePicker.swift; sourceTree = "<group>"; };
		5CBC7E3828560C7100746072 /* Arrow.swift */ = {isa = PBXFileReference; lastKnownFileType = sourcecode.swift; path = Arrow.swift; sourceTree = "<group>"; };
		5CD6E65C2836E22600C6E592 /* MapDirect.swift */ = {isa = PBXFileReference; lastKnownFileType = sourcecode.swift; path = MapDirect.swift; sourceTree = "<group>"; };
		5CD6E65E2836F2CA00C6E592 /* BookPay.swift */ = {isa = PBXFileReference; lastKnownFileType = sourcecode.swift; path = BookPay.swift; sourceTree = "<group>"; };
		5CD6E6602836F44100C6E592 /* ExtendTime.swift */ = {isa = PBXFileReference; lastKnownFileType = sourcecode.swift; path = ExtendTime.swift; sourceTree = "<group>"; };
		5CE49C392836B00E0033D5CD /* ParkInn.app */ = {isa = PBXFileReference; explicitFileType = wrapper.application; includeInIndex = 0; path = ParkInn.app; sourceTree = BUILT_PRODUCTS_DIR; };
		5CE49C3C2836B00E0033D5CD /* ParkInnApp.swift */ = {isa = PBXFileReference; lastKnownFileType = sourcecode.swift; path = ParkInnApp.swift; sourceTree = "<group>"; };
		5CE49C3E2836B00E0033D5CD /* ContentView.swift */ = {isa = PBXFileReference; lastKnownFileType = sourcecode.swift; path = ContentView.swift; sourceTree = "<group>"; };
		5CE49C402836B00F0033D5CD /* Assets.xcassets */ = {isa = PBXFileReference; lastKnownFileType = folder.assetcatalog; path = Assets.xcassets; sourceTree = "<group>"; };
		5CE49C432836B00F0033D5CD /* Preview Assets.xcassets */ = {isa = PBXFileReference; lastKnownFileType = folder.assetcatalog; path = "Preview Assets.xcassets"; sourceTree = "<group>"; };
		5CFBE39B286C507A007BF6FD /* SearchSampleData.swift */ = {isa = PBXFileReference; lastKnownFileType = sourcecode.swift; path = SearchSampleData.swift; sourceTree = "<group>"; };
		5CFBE39D286C88F2007BF6FD /* SearchObservableObject.swift */ = {isa = PBXFileReference; lastKnownFileType = sourcecode.swift; path = SearchObservableObject.swift; sourceTree = "<group>"; };
		5CFBE3A1286C8E92007BF6FD /* FilterObservableObject.swift */ = {isa = PBXFileReference; lastKnownFileType = sourcecode.swift; path = FilterObservableObject.swift; sourceTree = "<group>"; };
		5CFBE3A3286C8EA2007BF6FD /* FilterView.swift */ = {isa = PBXFileReference; lastKnownFileType = sourcecode.swift; path = FilterView.swift; sourceTree = "<group>"; };
		5CFBE3A5286C902D007BF6FD /* PersonDataObject.swift */ = {isa = PBXFileReference; lastKnownFileType = sourcecode.swift; path = PersonDataObject.swift; sourceTree = "<group>"; };
		5CFBE3A7286C9175007BF6FD /* PersonRowView.swift */ = {isa = PBXFileReference; lastKnownFileType = sourcecode.swift; path = PersonRowView.swift; sourceTree = "<group>"; };
		5CFBE3A9286D4DBF007BF6FD /* FilterKindButton.swift */ = {isa = PBXFileReference; lastKnownFileType = sourcecode.swift; path = FilterKindButton.swift; sourceTree = "<group>"; };
		5CFBE3AD286D53BF007BF6FD /* SliderKm.swift */ = {isa = PBXFileReference; lastKnownFileType = sourcecode.swift; path = SliderKm.swift; sourceTree = "<group>"; };
		5CFBE3B2286EAC34007BF6FD /* DistanceField.swift */ = {isa = PBXFileReference; lastKnownFileType = sourcecode.swift; path = DistanceField.swift; sourceTree = "<group>"; };
/* End PBXFileReference section */

/* Begin PBXFrameworksBuildPhase section */
		5CE49C362836B00E0033D5CD /* Frameworks */ = {
			isa = PBXFrameworksBuildPhase;
			buildActionMask = 2147483647;
			files = (
				5C039037286156A50023585A /* NavigationStack in Frameworks */,
			);
			runOnlyForDeploymentPostprocessing = 0;
		};
/* End PBXFrameworksBuildPhase section */

/* Begin PBXGroup section */
		5C01A456288A008300DBAFD7 /* Floor */ = {
			isa = PBXGroup;
			children = (
				5C01A457288A009500DBAFD7 /* SecondF.swift */,
			);
			path = Floor;
			sourceTree = "<group>";
		};
		5C02669728591CB30026E462 /* ObjectsPassword */ = {
			isa = PBXGroup;
			children = (
				5C02669828591CD20026E462 /* ViaButtons.swift */,
				5C55CE03285A7BA400C259E0 /* ViaEmail.swift */,
				5C55CE07285A8FEF00C259E0 /* Verification.swift */,
				5C55CE0B285B7C5500C259E0 /* PassFill.swift */,
				5C7BC02E285BE43700C9DA72 /* AlertPass.swift */,
			);
			path = ObjectsPassword;
			sourceTree = "<group>";
		};
		5C03903A286168A00023585A /* Saved */ = {
			isa = PBXGroup;
			children = (
				5C03903B286168C60023585A /* SavedScreen.swift */,
			);
			path = Saved;
			sourceTree = "<group>";
		};
		5C26357B2853FFFB003C68AD /* LaunchScreeen */ = {
			isa = PBXGroup;
			children = (
				5C9A3D202836D64F00A3D428 /* Welcome.swift */,
			);
			path = LaunchScreeen;
			sourceTree = "<group>";
		};
		5C263582285405AE003C68AD /* ObjectsOnboarding */ = {
			isa = PBXGroup;
			children = (
				5C263583285405C4003C68AD /* CustomButton.swift */,
				5C263585285408B8003C68AD /* CustomButton2.swift */,
				5C26358D28553F99003C68AD /* SignInButton.swift */,
				5C26358F285544C7003C68AD /* SignInGoogle.swift */,
				5C26359128554525003C68AD /* SignInApple.swift */,
				5CBC7E3828560C7100746072 /* Arrow.swift */,
				5C630C7C2857B691004C77BE /* TypingField.swift */,
				5C630C7E2857C27E004C77BE /* TypingPass.swift */,
				5C630C822857DD9E004C77BE /* LogosButton.swift */,
				5C7BC030285D2E5200C9DA72 /* CustomScrollView.swift */,
			);
			path = ObjectsOnboarding;
			sourceTree = "<group>";
		};
		5C26358A28553E6C003C68AD /* SignInScreen */ = {
			isa = PBXGroup;
			children = (
				5C26358B28553E86003C68AD /* SignIn.swift */,
			);
			path = SignInScreen;
			sourceTree = "<group>";
		};
		5C630C8628581EB9004C77BE /* Password */ = {
			isa = PBXGroup;
			children = (
				5C0266952859167A0026E462 /* ForgotPassword.swift */,
				5C55CE05285A8CED00C259E0 /* ForgotFill.swift */,
				5C55CE09285AAF2B00C259E0 /* CreatePass.swift */,
			);
			path = Password;
			sourceTree = "<group>";
		};
		5C630C8B28582BA4004C77BE /* ObjectsProfile */ = {
			isa = PBXGroup;
			children = (
				5C630C8C28582BC5004C77BE /* ImageUpload.swift */,
				5C630C9028582C88004C77BE /* ImagePicker.swift */,
				5C630C922858399E004C77BE /* UsernameObj.swift */,
				5C630C9428583C70004C77BE /* Nickname.swift */,
				5C630C9628583E80004C77BE /* DateofBirth.swift */,
				5C630C982858B297004C77BE /* PopUpView.swift */,
				5CB2E8392858E48D00874F28 /* EmailFill.swift */,
				5CB2E83B2858EF8600874F28 /* PhoneNumber.swift */,
				5C0266892858FDAF0026E462 /* GenderPick.swift */,
			);
			path = ObjectsProfile;
			sourceTree = "<group>";
		};
		5C7BAA3328372BA200BCE38F /* LetIn */ = {
			isa = PBXGroup;
			children = (
				5C7BAA3428372C4E00BCE38F /* LoginView.swift */,
				5C630C7A2857B426004C77BE /* CreateAcc.swift */,
				5C630C8428581C11004C77BE /* LoginAcc.swift */,
				5C630C8928582143004C77BE /* FillProfile.swift */,
			);
			path = LetIn;
			sourceTree = "<group>";
		};
		5C7BC032285D310900C9DA72 /* HomeMenu */ = {
			isa = PBXGroup;
			children = (
				5C7BC033285D313500C9DA72 /* MainMenu.swift */,
				5C7BC03B285D335500C9DA72 /* NotificationScreen.swift */,
				5C7BC03F285D429E00C9DA72 /* SearchScreen.swift */,
				5CFBE3A3286C8EA2007BF6FD /* FilterView.swift */,
			);
			path = HomeMenu;
			sourceTree = "<group>";
		};
		5C7BC035285D314500C9DA72 /* Objects */ = {
			isa = PBXGroup;
			children = (
				5C263582285405AE003C68AD /* ObjectsOnboarding */,
				5C630C8B28582BA4004C77BE /* ObjectsProfile */,
				5C02669728591CB30026E462 /* ObjectsPassword */,
				5C7BC038285D321900C9DA72 /* ObjectsHomeMenu */,
				5CFBE39F286C8E05007BF6FD /* ObjectSearch */,
				5CB661372871DBEE001039C4 /* ObjectDetails */,
			);
			path = Objects;
			sourceTree = "<group>";
		};
		5C7BC038285D321900C9DA72 /* ObjectsHomeMenu */ = {
			isa = PBXGroup;
			children = (
				5C7BC039285D324E00C9DA72 /* NotificationButton.swift */,
				5C7BC03D285D3E1D00C9DA72 /* SearchButton.swift */,
				5C6908BD285D5D1D00676417 /* NotifSucc.swift */,
				5C03903828615BC50023585A /* NotifWall.swift */,
				5C03907A2863E91A0023585A /* LocationPinButton.swift */,
				5C03907C2863F2720023585A /* LocationNameButton.swift */,
				5CFBE3A0286C8E72007BF6FD /* Filter */,
			);
			path = ObjectsHomeMenu;
			sourceTree = "<group>";
		};
		5C8B9E722836B64400B3757B /* Map */ = {
			isa = PBXGroup;
			children = (
				5C0390762863CB0D0023585A /* MapView.swift */,
			);
			path = Map;
			sourceTree = "<group>";
		};
		5C8B9E762836D5FD00B3757B /* Onboarding */ = {
			isa = PBXGroup;
			children = (
				5CD6E65C2836E22600C6E592 /* MapDirect.swift */,
				5CD6E65E2836F2CA00C6E592 /* BookPay.swift */,
				5CD6E6602836F44100C6E592 /* ExtendTime.swift */,
				5C26357E2854004F003C68AD /* OnboardingScreenView.swift */,
			);
			path = Onboarding;
			sourceTree = "<group>";
		};
		5CB6613228703841001039C4 /* Details&Booking */ = {
			isa = PBXGroup;
			children = (
				5CB661332870387C001039C4 /* DetailsView.swift */,
				5CB6613528703C64001039C4 /* ParkingDetails.swift */,
				5CB6613A2871E36E001039C4 /* SelectYourVehicle.swift */,
				5CB66140287BCE89001039C4 /* BookParkingDetails.swift */,
				5C01A44E2889991500DBAFD7 /* PickParkingSpot.swift */,
				5C01A456288A008300DBAFD7 /* Floor */,
				5C9B3F5C289003980005AE71 /* PaymentView.swift */,
				5C41A70A2891FED80048896D /* AddingNewCard.swift */,
			);
			path = "Details&Booking";
			sourceTree = "<group>";
		};
		5CB661372871DBEE001039C4 /* ObjectDetails */ = {
			isa = PBXGroup;
			children = (
				5CB661382871DC25001039C4 /* DetailButton.swift */,
				5CB6613E28748688001039C4 /* SelectVehicle.swift */,
				5CAE42C6287F4BF800FC7DFF /* DateValue.swift */,
				5C5FD03D2880591F004F740F /* TaskData.swift */,
				5CB66142287BD1FF001039C4 /* CustomDatePicker.swift */,
				5C01A45028899A0700DBAFD7 /* FloorButton.swift */,
				5CAEB85C288B574100D76E45 /* SpotScheme.swift */,
				5C68A35A288C5FBB00FDE457 /* WayLine.swift */,
				5C9B3F5A288F21010005AE71 /* PickPlaceButton.swift */,
				5C9B3F5E289008D60005AE71 /* PaymentButton.swift */,
				5C41A7082891F9440048896D /* AddPaymentButton.swift */,
				5C41A70C28929A560048896D /* CreditCard.swift */,
				5C41178B2896E34A00B512C9 /* CardDataModel.swift */,
			);
			path = ObjectDetails;
			sourceTree = "<group>";
		};
		5CE49C302836B00E0033D5CD = {
			isa = PBXGroup;
			children = (
				5CE49C3B2836B00E0033D5CD /* ParkInn */,
				5CE49C3A2836B00E0033D5CD /* Products */,
			);
			sourceTree = "<group>";
		};
		5CE49C3A2836B00E0033D5CD /* Products */ = {
			isa = PBXGroup;
			children = (
				5CE49C392836B00E0033D5CD /* ParkInn.app */,
			);
			name = Products;
			sourceTree = "<group>";
		};
		5CE49C3B2836B00E0033D5CD /* ParkInn */ = {
			isa = PBXGroup;
			children = (
				5C7BC035285D314500C9DA72 /* Objects */,
				5C26357B2853FFFB003C68AD /* LaunchScreeen */,
				5C8B9E762836D5FD00B3757B /* Onboarding */,
				5C26358A28553E6C003C68AD /* SignInScreen */,
				5C7BAA3328372BA200BCE38F /* LetIn */,
				5C630C8628581EB9004C77BE /* Password */,
				5C7BC032285D310900C9DA72 /* HomeMenu */,
				5C03903A286168A00023585A /* Saved */,
				5CB6613228703841001039C4 /* Details&Booking */,
				5C8B9E722836B64400B3757B /* Map */,
				5CE49C3C2836B00E0033D5CD /* ParkInnApp.swift */,
				5CE49C3E2836B00E0033D5CD /* ContentView.swift */,
				5C0390782863D14A0023585A /* TabBarPage.swift */,
				5CE49C402836B00F0033D5CD /* Assets.xcassets */,
				5CE49C422836B00F0033D5CD /* Preview Content */,
			);
			path = ParkInn;
			sourceTree = "<group>";
		};
		5CE49C422836B00F0033D5CD /* Preview Content */ = {
			isa = PBXGroup;
			children = (
				5CE49C432836B00F0033D5CD /* Preview Assets.xcassets */,
			);
			path = "Preview Content";
			sourceTree = "<group>";
		};
		5CFBE39F286C8E05007BF6FD /* ObjectSearch */ = {
			isa = PBXGroup;
			children = (
				5CFBE39B286C507A007BF6FD /* SearchSampleData.swift */,
				5CFBE39D286C88F2007BF6FD /* SearchObservableObject.swift */,
				5CFBE3A5286C902D007BF6FD /* PersonDataObject.swift */,
				5CFBE3A7286C9175007BF6FD /* PersonRowView.swift */,
			);
			path = ObjectSearch;
			sourceTree = "<group>";
		};
		5CFBE3A0286C8E72007BF6FD /* Filter */ = {
			isa = PBXGroup;
			children = (
				5CFBE3A1286C8E92007BF6FD /* FilterObservableObject.swift */,
				5CFBE3A9286D4DBF007BF6FD /* FilterKindButton.swift */,
				5CFBE3AD286D53BF007BF6FD /* SliderKm.swift */,
				5CFBE3B2286EAC34007BF6FD /* DistanceField.swift */,
			);
			path = Filter;
			sourceTree = "<group>";
		};
/* End PBXGroup section */

/* Begin PBXNativeTarget section */
		5CE49C382836B00E0033D5CD /* ParkInn */ = {
			isa = PBXNativeTarget;
			buildConfigurationList = 5CE49C472836B00F0033D5CD /* Build configuration list for PBXNativeTarget "ParkInn" */;
			buildPhases = (
				5CE49C352836B00E0033D5CD /* Sources */,
				5CE49C362836B00E0033D5CD /* Frameworks */,
				5CE49C372836B00E0033D5CD /* Resources */,
			);
			buildRules = (
			);
			dependencies = (
			);
			name = ParkInn;
			packageProductDependencies = (
				5C039036286156A50023585A /* NavigationStack */,
			);
			productName = ParkInn;
			productReference = 5CE49C392836B00E0033D5CD /* ParkInn.app */;
			productType = "com.apple.product-type.application";
		};
/* End PBXNativeTarget section */

/* Begin PBXProject section */
		5CE49C312836B00E0033D5CD /* Project object */ = {
			isa = PBXProject;
			attributes = {
				BuildIndependentTargetsInParallel = 1;
				LastSwiftUpdateCheck = 1340;
				LastUpgradeCheck = 1340;
				TargetAttributes = {
					5CE49C382836B00E0033D5CD = {
						CreatedOnToolsVersion = 13.4;
					};
				};
			};
			buildConfigurationList = 5CE49C342836B00E0033D5CD /* Build configuration list for PBXProject "ParkInn" */;
			compatibilityVersion = "Xcode 13.0";
			developmentRegion = en;
			hasScannedForEncodings = 0;
			knownRegions = (
				en,
				Base,
			);
			mainGroup = 5CE49C302836B00E0033D5CD;
			packageReferences = (
				5C039035286156A50023585A /* XCRemoteSwiftPackageReference "swiftui-navigation-stack" */,
			);
			productRefGroup = 5CE49C3A2836B00E0033D5CD /* Products */;
			projectDirPath = "";
			projectRoot = "";
			targets = (
				5CE49C382836B00E0033D5CD /* ParkInn */,
			);
		};
/* End PBXProject section */

/* Begin PBXResourcesBuildPhase section */
		5CE49C372836B00E0033D5CD /* Resources */ = {
			isa = PBXResourcesBuildPhase;
			buildActionMask = 2147483647;
			files = (
				5CE49C442836B00F0033D5CD /* Preview Assets.xcassets in Resources */,
				5CE49C412836B00F0033D5CD /* Assets.xcassets in Resources */,
			);
			runOnlyForDeploymentPostprocessing = 0;
		};
/* End PBXResourcesBuildPhase section */

/* Begin PBXSourcesBuildPhase section */
		5CE49C352836B00E0033D5CD /* Sources */ = {
			isa = PBXSourcesBuildPhase;
			buildActionMask = 2147483647;
			files = (
				5CFBE3A8286C9175007BF6FD /* PersonRowView.swift in Sources */,
				5CB6613B2871E36E001039C4 /* SelectYourVehicle.swift in Sources */,
				5C41A7092891F9440048896D /* AddPaymentButton.swift in Sources */,
				5C630C9728583E80004C77BE /* DateofBirth.swift in Sources */,
				5CB2E83A2858E48D00874F28 /* EmailFill.swift in Sources */,
				5C6908BE285D5D1D00676417 /* NotifSucc.swift in Sources */,
				5C55CE0A285AAF2B00C259E0 /* CreatePass.swift in Sources */,
				5C55CE04285A7BA400C259E0 /* ViaEmail.swift in Sources */,
				5C630C832857DD9F004C77BE /* LogosButton.swift in Sources */,
				5C01A45128899A0700DBAFD7 /* FloorButton.swift in Sources */,
				5C630C9528583C71004C77BE /* Nickname.swift in Sources */,
				5C630C8A28582143004C77BE /* FillProfile.swift in Sources */,
				5C7BC03E285D3E1D00C9DA72 /* SearchButton.swift in Sources */,
				5C03907D2863F2720023585A /* LocationNameButton.swift in Sources */,
				5CFBE3A6286C902D007BF6FD /* PersonDataObject.swift in Sources */,
				5C630C9128582C88004C77BE /* ImagePicker.swift in Sources */,
				5C41A70D28929A560048896D /* CreditCard.swift in Sources */,
				5C02668A2858FDAF0026E462 /* GenderPick.swift in Sources */,
				5C7BC03C285D335500C9DA72 /* NotificationScreen.swift in Sources */,
				5C68A35B288C5FBB00FDE457 /* WayLine.swift in Sources */,
				5C26357F2854004F003C68AD /* OnboardingScreenView.swift in Sources */,
				5C01A458288A009500DBAFD7 /* SecondF.swift in Sources */,
				5C03903928615BC50023585A /* NotifWall.swift in Sources */,
				5C0390772863CB0D0023585A /* MapView.swift in Sources */,
				5C630C8D28582BC5004C77BE /* ImageUpload.swift in Sources */,
				5C41A70B2891FED80048896D /* AddingNewCard.swift in Sources */,
				5C7BC034285D313500C9DA72 /* MainMenu.swift in Sources */,
				5C9B3F5F289008D60005AE71 /* PaymentButton.swift in Sources */,
				5CE49C3F2836B00E0033D5CD /* ContentView.swift in Sources */,
				5C0390792863D14A0023585A /* TabBarPage.swift in Sources */,
				5C630C932858399F004C77BE /* UsernameObj.swift in Sources */,
				5C55CE08285A8FEF00C259E0 /* Verification.swift in Sources */,
				5C7BC031285D2E5200C9DA72 /* CustomScrollView.swift in Sources */,
				5C630C8528581C11004C77BE /* LoginAcc.swift in Sources */,
				5C263590285544C7003C68AD /* SignInGoogle.swift in Sources */,
				5C7BC03A285D324E00C9DA72 /* NotificationButton.swift in Sources */,
				5C7BC02F285BE43800C9DA72 /* AlertPass.swift in Sources */,
				5CE49C3D2836B00E0033D5CD /* ParkInnApp.swift in Sources */,
				5CB661342870387C001039C4 /* DetailsView.swift in Sources */,
				5CB66143287BD1FF001039C4 /* CustomDatePicker.swift in Sources */,
				5CFBE3A4286C8EA2007BF6FD /* FilterView.swift in Sources */,
				5C9B3F5B288F21010005AE71 /* PickPlaceButton.swift in Sources */,
				5C630C7B2857B426004C77BE /* CreateAcc.swift in Sources */,
				5CD6E6612836F44100C6E592 /* ExtendTime.swift in Sources */,
				5CB2E83C2858EF8700874F28 /* PhoneNumber.swift in Sources */,
				5CB6613628703C64001039C4 /* ParkingDetails.swift in Sources */,
				5C26358E28553F99003C68AD /* SignInButton.swift in Sources */,
				5CB6613F28748688001039C4 /* SelectVehicle.swift in Sources */,
				5C26359228554525003C68AD /* SignInApple.swift in Sources */,
				5C9A3D212836D64F00A3D428 /* Welcome.swift in Sources */,
				5C55CE06285A8CED00C259E0 /* ForgotFill.swift in Sources */,
				5C630C7F2857C27E004C77BE /* TypingPass.swift in Sources */,
				5CFBE3AA286D4DBF007BF6FD /* FilterKindButton.swift in Sources */,
				5C9B3F5D289003980005AE71 /* PaymentView.swift in Sources */,
				5C263586285408B8003C68AD /* CustomButton2.swift in Sources */,
				5C630C992858B297004C77BE /* PopUpView.swift in Sources */,
				5CD6E65F2836F2CA00C6E592 /* BookPay.swift in Sources */,
				5CFBE3AE286D53BF007BF6FD /* SliderKm.swift in Sources */,
				5C01A44F2889991500DBAFD7 /* PickParkingSpot.swift in Sources */,
				5C55CE0C285B7C5500C259E0 /* PassFill.swift in Sources */,
				5CFBE39C286C507A007BF6FD /* SearchSampleData.swift in Sources */,
				5C41178C2896E34A00B512C9 /* CardDataModel.swift in Sources */,
				5C263584285405C4003C68AD /* CustomButton.swift in Sources */,
				5CB661392871DC25001039C4 /* DetailButton.swift in Sources */,
				5C26358C28553E86003C68AD /* SignIn.swift in Sources */,
				5C7BAA3528372C4E00BCE38F /* LoginView.swift in Sources */,
				5CB66141287BCE8A001039C4 /* BookParkingDetails.swift in Sources */,
				5CFBE39E286C88F2007BF6FD /* SearchObservableObject.swift in Sources */,
				5CFBE3B3286EAC34007BF6FD /* DistanceField.swift in Sources */,
				5CAEB85D288B574100D76E45 /* SpotScheme.swift in Sources */,
				5C630C7D2857B691004C77BE /* TypingField.swift in Sources */,
				5C02669928591CD20026E462 /* ViaButtons.swift in Sources */,
				5C7BC040285D429E00C9DA72 /* SearchScreen.swift in Sources */,
				5CD6E65D2836E22600C6E592 /* MapDirect.swift in Sources */,
				5CFBE3A2286C8E92007BF6FD /* FilterObservableObject.swift in Sources */,
				5CBC7E3928560C7100746072 /* Arrow.swift in Sources */,
				5C03907B2863E91A0023585A /* LocationPinButton.swift in Sources */,
				5CAE42C7287F4BF800FC7DFF /* DateValue.swift in Sources */,
				5C0266962859167A0026E462 /* ForgotPassword.swift in Sources */,
				5C03903C286168C60023585A /* SavedScreen.swift in Sources */,
				5C5FD03E2880591F004F740F /* TaskData.swift in Sources */,
			);
			runOnlyForDeploymentPostprocessing = 0;
		};
/* End PBXSourcesBuildPhase section */

/* Begin XCBuildConfiguration section */
		5CE49C452836B00F0033D5CD /* Debug */ = {
			isa = XCBuildConfiguration;
			buildSettings = {
				ALWAYS_SEARCH_USER_PATHS = NO;
				CLANG_ANALYZER_NONNULL = YES;
				CLANG_ANALYZER_NUMBER_OBJECT_CONVERSION = YES_AGGRESSIVE;
				CLANG_CXX_LANGUAGE_STANDARD = "gnu++17";
				CLANG_ENABLE_MODULES = YES;
				CLANG_ENABLE_OBJC_ARC = YES;
				CLANG_ENABLE_OBJC_WEAK = YES;
				CLANG_WARN_BLOCK_CAPTURE_AUTORELEASING = YES;
				CLANG_WARN_BOOL_CONVERSION = YES;
				CLANG_WARN_COMMA = YES;
				CLANG_WARN_CONSTANT_CONVERSION = YES;
				CLANG_WARN_DEPRECATED_OBJC_IMPLEMENTATIONS = YES;
				CLANG_WARN_DIRECT_OBJC_ISA_USAGE = YES_ERROR;
				CLANG_WARN_DOCUMENTATION_COMMENTS = YES;
				CLANG_WARN_EMPTY_BODY = YES;
				CLANG_WARN_ENUM_CONVERSION = YES;
				CLANG_WARN_INFINITE_RECURSION = YES;
				CLANG_WARN_INT_CONVERSION = YES;
				CLANG_WARN_NON_LITERAL_NULL_CONVERSION = YES;
				CLANG_WARN_OBJC_IMPLICIT_RETAIN_SELF = YES;
				CLANG_WARN_OBJC_LITERAL_CONVERSION = YES;
				CLANG_WARN_OBJC_ROOT_CLASS = YES_ERROR;
				CLANG_WARN_QUOTED_INCLUDE_IN_FRAMEWORK_HEADER = YES;
				CLANG_WARN_RANGE_LOOP_ANALYSIS = YES;
				CLANG_WARN_STRICT_PROTOTYPES = YES;
				CLANG_WARN_SUSPICIOUS_MOVE = YES;
				CLANG_WARN_UNGUARDED_AVAILABILITY = YES_AGGRESSIVE;
				CLANG_WARN_UNREACHABLE_CODE = YES;
				CLANG_WARN__DUPLICATE_METHOD_MATCH = YES;
				COPY_PHASE_STRIP = NO;
				DEBUG_INFORMATION_FORMAT = dwarf;
				ENABLE_STRICT_OBJC_MSGSEND = YES;
				ENABLE_TESTABILITY = YES;
				GCC_C_LANGUAGE_STANDARD = gnu11;
				GCC_DYNAMIC_NO_PIC = NO;
				GCC_NO_COMMON_BLOCKS = YES;
				GCC_OPTIMIZATION_LEVEL = 0;
				GCC_PREPROCESSOR_DEFINITIONS = (
					"DEBUG=1",
					"$(inherited)",
				);
				GCC_WARN_64_TO_32_BIT_CONVERSION = YES;
				GCC_WARN_ABOUT_RETURN_TYPE = YES_ERROR;
				GCC_WARN_UNDECLARED_SELECTOR = YES;
				GCC_WARN_UNINITIALIZED_AUTOS = YES_AGGRESSIVE;
				GCC_WARN_UNUSED_FUNCTION = YES;
				GCC_WARN_UNUSED_VARIABLE = YES;
				IPHONEOS_DEPLOYMENT_TARGET = 14.0;
				MTL_ENABLE_DEBUG_INFO = INCLUDE_SOURCE;
				MTL_FAST_MATH = YES;
				ONLY_ACTIVE_ARCH = YES;
				SDKROOT = iphoneos;
				SWIFT_ACTIVE_COMPILATION_CONDITIONS = DEBUG;
				SWIFT_OPTIMIZATION_LEVEL = "-Onone";
			};
			name = Debug;
		};
		5CE49C462836B00F0033D5CD /* Release */ = {
			isa = XCBuildConfiguration;
			buildSettings = {
				ALWAYS_SEARCH_USER_PATHS = NO;
				CLANG_ANALYZER_NONNULL = YES;
				CLANG_ANALYZER_NUMBER_OBJECT_CONVERSION = YES_AGGRESSIVE;
				CLANG_CXX_LANGUAGE_STANDARD = "gnu++17";
				CLANG_ENABLE_MODULES = YES;
				CLANG_ENABLE_OBJC_ARC = YES;
				CLANG_ENABLE_OBJC_WEAK = YES;
				CLANG_WARN_BLOCK_CAPTURE_AUTORELEASING = YES;
				CLANG_WARN_BOOL_CONVERSION = YES;
				CLANG_WARN_COMMA = YES;
				CLANG_WARN_CONSTANT_CONVERSION = YES;
				CLANG_WARN_DEPRECATED_OBJC_IMPLEMENTATIONS = YES;
				CLANG_WARN_DIRECT_OBJC_ISA_USAGE = YES_ERROR;
				CLANG_WARN_DOCUMENTATION_COMMENTS = YES;
				CLANG_WARN_EMPTY_BODY = YES;
				CLANG_WARN_ENUM_CONVERSION = YES;
				CLANG_WARN_INFINITE_RECURSION = YES;
				CLANG_WARN_INT_CONVERSION = YES;
				CLANG_WARN_NON_LITERAL_NULL_CONVERSION = YES;
				CLANG_WARN_OBJC_IMPLICIT_RETAIN_SELF = YES;
				CLANG_WARN_OBJC_LITERAL_CONVERSION = YES;
				CLANG_WARN_OBJC_ROOT_CLASS = YES_ERROR;
				CLANG_WARN_QUOTED_INCLUDE_IN_FRAMEWORK_HEADER = YES;
				CLANG_WARN_RANGE_LOOP_ANALYSIS = YES;
				CLANG_WARN_STRICT_PROTOTYPES = YES;
				CLANG_WARN_SUSPICIOUS_MOVE = YES;
				CLANG_WARN_UNGUARDED_AVAILABILITY = YES_AGGRESSIVE;
				CLANG_WARN_UNREACHABLE_CODE = YES;
				CLANG_WARN__DUPLICATE_METHOD_MATCH = YES;
				COPY_PHASE_STRIP = NO;
				DEBUG_INFORMATION_FORMAT = "dwarf-with-dsym";
				ENABLE_NS_ASSERTIONS = NO;
				ENABLE_STRICT_OBJC_MSGSEND = YES;
				GCC_C_LANGUAGE_STANDARD = gnu11;
				GCC_NO_COMMON_BLOCKS = YES;
				GCC_WARN_64_TO_32_BIT_CONVERSION = YES;
				GCC_WARN_ABOUT_RETURN_TYPE = YES_ERROR;
				GCC_WARN_UNDECLARED_SELECTOR = YES;
				GCC_WARN_UNINITIALIZED_AUTOS = YES_AGGRESSIVE;
				GCC_WARN_UNUSED_FUNCTION = YES;
				GCC_WARN_UNUSED_VARIABLE = YES;
				IPHONEOS_DEPLOYMENT_TARGET = 14.0;
				MTL_ENABLE_DEBUG_INFO = NO;
				MTL_FAST_MATH = YES;
				SDKROOT = iphoneos;
				SWIFT_COMPILATION_MODE = wholemodule;
				SWIFT_OPTIMIZATION_LEVEL = "-O";
				VALIDATE_PRODUCT = YES;
			};
			name = Release;
		};
		5CE49C482836B00F0033D5CD /* Debug */ = {
			isa = XCBuildConfiguration;
			buildSettings = {
				ASSETCATALOG_COMPILER_APPICON_NAME = AppIcon;
				ASSETCATALOG_COMPILER_GLOBAL_ACCENT_COLOR_NAME = AccentColor;
				CODE_SIGN_STYLE = Automatic;
				CURRENT_PROJECT_VERSION = 1;
				DEVELOPMENT_ASSET_PATHS = "\"ParkInn/Preview Content\"";
				DEVELOPMENT_TEAM = PW78GG62RA;
				ENABLE_PREVIEWS = YES;
				GENERATE_INFOPLIST_FILE = YES;
				INFOPLIST_KEY_NSLocationAlwaysAndWhenInUseUsageDescription = "";
				INFOPLIST_KEY_NSLocationAlwaysUsageDescription = "";
				INFOPLIST_KEY_NSLocationUsageDescription = "";
				INFOPLIST_KEY_NSLocationWhenInUseUsageDescription = "";
				INFOPLIST_KEY_UIApplicationSceneManifest_Generation = YES;
				INFOPLIST_KEY_UIApplicationSupportsIndirectInputEvents = YES;
				INFOPLIST_KEY_UILaunchScreen_Generation = YES;
				INFOPLIST_KEY_UISupportedInterfaceOrientations_iPad = "UIInterfaceOrientationPortrait UIInterfaceOrientationPortraitUpsideDown UIInterfaceOrientationLandscapeLeft UIInterfaceOrientationLandscapeRight";
				INFOPLIST_KEY_UISupportedInterfaceOrientations_iPhone = "UIInterfaceOrientationPortrait UIInterfaceOrientationLandscapeLeft UIInterfaceOrientationLandscapeRight";
				LD_RUNPATH_SEARCH_PATHS = (
					"$(inherited)",
					"@executable_path/Frameworks",
				);
				MARKETING_VERSION = 1.0;
				PRODUCT_BUNDLE_IDENTIFIER = com.huseynabishov.ParkInn;
				PRODUCT_NAME = "$(TARGET_NAME)";
				SWIFT_EMIT_LOC_STRINGS = YES;
				SWIFT_VERSION = 5.0;
				TARGETED_DEVICE_FAMILY = "1,2";
			};
			name = Debug;
		};
		5CE49C492836B00F0033D5CD /* Release */ = {
			isa = XCBuildConfiguration;
			buildSettings = {
				ASSETCATALOG_COMPILER_APPICON_NAME = AppIcon;
				ASSETCATALOG_COMPILER_GLOBAL_ACCENT_COLOR_NAME = AccentColor;
				CODE_SIGN_STYLE = Automatic;
				CURRENT_PROJECT_VERSION = 1;
				DEVELOPMENT_ASSET_PATHS = "\"ParkInn/Preview Content\"";
				DEVELOPMENT_TEAM = PW78GG62RA;
				ENABLE_PREVIEWS = YES;
				GENERATE_INFOPLIST_FILE = YES;
				INFOPLIST_KEY_NSLocationAlwaysAndWhenInUseUsageDescription = "";
				INFOPLIST_KEY_NSLocationAlwaysUsageDescription = "";
				INFOPLIST_KEY_NSLocationUsageDescription = "";
				INFOPLIST_KEY_NSLocationWhenInUseUsageDescription = "";
				INFOPLIST_KEY_UIApplicationSceneManifest_Generation = YES;
				INFOPLIST_KEY_UIApplicationSupportsIndirectInputEvents = YES;
				INFOPLIST_KEY_UILaunchScreen_Generation = YES;
				INFOPLIST_KEY_UISupportedInterfaceOrientations_iPad = "UIInterfaceOrientationPortrait UIInterfaceOrientationPortraitUpsideDown UIInterfaceOrientationLandscapeLeft UIInterfaceOrientationLandscapeRight";
				INFOPLIST_KEY_UISupportedInterfaceOrientations_iPhone = "UIInterfaceOrientationPortrait UIInterfaceOrientationLandscapeLeft UIInterfaceOrientationLandscapeRight";
				LD_RUNPATH_SEARCH_PATHS = (
					"$(inherited)",
					"@executable_path/Frameworks",
				);
				MARKETING_VERSION = 1.0;
				PRODUCT_BUNDLE_IDENTIFIER = com.huseynabishov.ParkInn;
				PRODUCT_NAME = "$(TARGET_NAME)";
				SWIFT_EMIT_LOC_STRINGS = YES;
				SWIFT_VERSION = 5.0;
				TARGETED_DEVICE_FAMILY = "1,2";
			};
			name = Release;
		};
/* End XCBuildConfiguration section */

/* Begin XCConfigurationList section */
		5CE49C342836B00E0033D5CD /* Build configuration list for PBXProject "ParkInn" */ = {
			isa = XCConfigurationList;
			buildConfigurations = (
				5CE49C452836B00F0033D5CD /* Debug */,
				5CE49C462836B00F0033D5CD /* Release */,
			);
			defaultConfigurationIsVisible = 0;
			defaultConfigurationName = Release;
		};
		5CE49C472836B00F0033D5CD /* Build configuration list for PBXNativeTarget "ParkInn" */ = {
			isa = XCConfigurationList;
			buildConfigurations = (
				5CE49C482836B00F0033D5CD /* Debug */,
				5CE49C492836B00F0033D5CD /* Release */,
			);
			defaultConfigurationIsVisible = 0;
			defaultConfigurationName = Release;
		};
/* End XCConfigurationList section */

/* Begin XCRemoteSwiftPackageReference section */
		5C039035286156A50023585A /* XCRemoteSwiftPackageReference "swiftui-navigation-stack" */ = {
			isa = XCRemoteSwiftPackageReference;
			repositoryURL = "https://github.com/matteopuc/swiftui-navigation-stack";
			requirement = {
				kind = upToNextMajorVersion;
				minimumVersion = 1.0.0;
			};
		};
/* End XCRemoteSwiftPackageReference section */

/* Begin XCSwiftPackageProductDependency section */
		5C039036286156A50023585A /* NavigationStack */ = {
			isa = XCSwiftPackageProductDependency;
			package = 5C039035286156A50023585A /* XCRemoteSwiftPackageReference "swiftui-navigation-stack" */;
			productName = NavigationStack;
		};
/* End XCSwiftPackageProductDependency section */
	};
	rootObject = 5CE49C312836B00E0033D5CD /* Project object */;
}
